
Microsoft Visual Studio Solution File, Format Version 12.00
# Visual Studio Version 17
VisualStudioVersion = 17.0.31903.59
MinimumVisualStudioVersion = 10.0.40219.1
Project("{2150E333-8FDC-42A3-9474-1A3956D46DE8}") = "src", "src", "{827E0CD3-B72D-47B6-A68D-7590B98EB39B}"
EndProject
Project("{FAE04EC0-301F-11D3-BF4B-00C04F79EFBC}") = "StateKeeper", "src\StateKeeper\StateKeeper.csproj", "{DFAA9A56-40A5-43A4-AD46-8AA1622D6ACD}"
EndProject
Project("{2150E333-8FDC-42A3-9474-1A3956D46DE8}") = "tests", "tests", "{CEA09484-30F6-4D44-02F6-822E06DBC57C}"
EndProject
Project("{FAE04EC0-301F-11D3-BF4B-00C04F79EFBC}") = "StateKeeper.Tests", "src\tests\StateKeeper.Tests\StateKeeper.Tests.csproj", "{F13B89A8-21D7-4371-BA69-8E1C81F53B04}"
EndProject
Project("{FAE04EC0-301F-11D3-BF4B-00C04F79EFBC}") = "StateKeeper.Tests.OrleansCompat", "src\tests\StateKeeper.Tests.OrleansCompat\StateKeeper.Tests.OrleansCompat.csproj", "{5D471889-3CEB-4CE6-A4C3-D8E9A292C5BC}"
EndProject
Global
	GlobalSection(SolutionConfigurationPlatforms) = preSolution
		Debug|Any CPU = Debug|Any CPU
		Debug|x64 = Debug|x64
		Debug|x86 = Debug|x86
		Release|Any CPU = Release|Any CPU
		Release|x64 = Release|x64
		Release|x86 = Release|x86
	EndGlobalSection
	GlobalSection(ProjectConfigurationPlatforms) = postSolution
		{DFAA9A56-40A5-43A4-AD46-8AA1622D6ACD}.Debug|Any CPU.ActiveCfg = Debug|Any CPU
		{DFAA9A56-40A5-43A4-AD46-8AA1622D6ACD}.Debug|Any CPU.Build.0 = Debug|Any CPU
		{DFAA9A56-40A5-43A4-AD46-8AA1622D6ACD}.Debug|x64.ActiveCfg = Debug|Any CPU
		{DFAA9A56-40A5-43A4-AD46-8AA1622D6ACD}.Debug|x64.Build.0 = Debug|Any CPU
		{DFAA9A56-40A5-43A4-AD46-8AA1622D6ACD}.Debug|x86.ActiveCfg = Debug|Any CPU
		{DFAA9A56-40A5-43A4-AD46-8AA1622D6ACD}.Debug|x86.Build.0 = Debug|Any CPU
		{DFAA9A56-40A5-43A4-AD46-8AA1622D6ACD}.Release|Any CPU.ActiveCfg = Release|Any CPU
		{DFAA9A56-40A5-43A4-AD46-8AA1622D6ACD}.Release|Any CPU.Build.0 = Release|Any CPU
		{DFAA9A56-40A5-43A4-AD46-8AA1622D6ACD}.Release|x64.ActiveCfg = Release|Any CPU
		{DFAA9A56-40A5-43A4-AD46-8AA1622D6ACD}.Release|x64.Build.0 = Release|Any CPU
		{DFAA9A56-40A5-43A4-AD46-8AA1622D6ACD}.Release|x86.ActiveCfg = Release|Any CPU
		{DFAA9A56-40A5-43A4-AD46-8AA1622D6ACD}.Release|x86.Build.0 = Release|Any CPU
		{F13B89A8-21D7-4371-BA69-8E1C81F53B04}.Debug|Any CPU.ActiveCfg = Debug|Any CPU
		{F13B89A8-21D7-4371-BA69-8E1C81F53B04}.Debug|Any CPU.Build.0 = Debug|Any CPU
		{F13B89A8-21D7-4371-BA69-8E1C81F53B04}.Debug|x64.ActiveCfg = Debug|Any CPU
		{F13B89A8-21D7-4371-BA69-8E1C81F53B04}.Debug|x64.Build.0 = Debug|Any CPU
		{F13B89A8-21D7-4371-BA69-8E1C81F53B04}.Debug|x86.ActiveCfg = Debug|Any CPU
		{F13B89A8-21D7-4371-BA69-8E1C81F53B04}.Debug|x86.Build.0 = Debug|Any CPU
		{F13B89A8-21D7-4371-BA69-8E1C81F53B04}.Release|Any CPU.ActiveCfg = Release|Any CPU
		{F13B89A8-21D7-4371-BA69-8E1C81F53B04}.Release|Any CPU.Build.0 = Release|Any CPU
		{F13B89A8-21D7-4371-BA69-8E1C81F53B04}.Release|x64.ActiveCfg = Release|Any CPU
		{F13B89A8-21D7-4371-BA69-8E1C81F53B04}.Release|x64.Build.0 = Release|Any CPU
		{F13B89A8-21D7-4371-BA69-8E1C81F53B04}.Release|x86.ActiveCfg = Release|Any CPU
		{F13B89A8-21D7-4371-BA69-8E1C81F53B04}.Release|x86.Build.0 = Release|Any CPU
		{5D471889-3CEB-4CE6-A4C3-D8E9A292C5BC}.Debug|Any CPU.ActiveCfg = Debug|Any CPU
		{5D471889-3CEB-4CE6-A4C3-D8E9A292C5BC}.Debug|Any CPU.Build.0 = Debug|Any CPU
		{5D471889-3CEB-4CE6-A4C3-D8E9A292C5BC}.Debug|x64.ActiveCfg = Debug|Any CPU
		{5D471889-3CEB-4CE6-A4C3-D8E9A292C5BC}.Debug|x64.Build.0 = Debug|Any CPU
		{5D471889-3CEB-4CE6-A4C3-D8E9A292C5BC}.Debug|x86.ActiveCfg = Debug|Any CPU
		{5D471889-3CEB-4CE6-A4C3-D8E9A292C5BC}.Debug|x86.Build.0 = Debug|Any CPU
		{5D471889-3CEB-4CE6-A4C3-D8E9A292C5BC}.Release|Any CPU.ActiveCfg = Release|Any CPU
		{5D471889-3CEB-4CE6-A4C3-D8E9A292C5BC}.Release|Any CPU.Build.0 = Release|Any CPU
		{5D471889-3CEB-4CE6-A4C3-D8E9A292C5BC}.Release|x64.ActiveCfg = Release|Any CPU
		{5D471889-3CEB-4CE6-A4C3-D8E9A292C5BC}.Release|x64.Build.0 = Release|Any CPU
		{5D471889-3CEB-4CE6-A4C3-D8E9A292C5BC}.Release|x86.ActiveCfg = Release|Any CPU
		{5D471889-3CEB-4CE6-A4C3-D8E9A292C5BC}.Release|x86.Build.0 = Release|Any CPU
	EndGlobalSection
	GlobalSection(SolutionProperties) = preSolution
		HideSolutionNode = FALSE
	EndGlobalSection
	GlobalSection(NestedProjects) = preSolution
		{DFAA9A56-40A5-43A4-AD46-8AA1622D6ACD} = {827E0CD3-B72D-47B6-A68D-7590B98EB39B}
		{CEA09484-30F6-4D44-02F6-822E06DBC57C} = {827E0CD3-B72D-47B6-A68D-7590B98EB39B}
		{F13B89A8-21D7-4371-BA69-8E1C81F53B04} = {CEA09484-30F6-4D44-02F6-822E06DBC57C}
		{5D471889-3CEB-4CE6-A4C3-D8E9A292C5BC} = {CEA09484-30F6-4D44-02F6-822E06DBC57C}
	EndGlobalSection
EndGlobal
